PODS:
  - Alamofire (5.2.2)
  - Kingfisher (5.7.1)
  - RxCocoa (4.5.0):
    - RxSwift (>= 4.4.2, ~> 4.4)
  - RxSwift (4.5.0)
  - SnapKit (5.0.1)

DEPENDENCIES:
  - Alamofire
  - Kingfisher (~> 5.7.1)
  - RxCocoa (~> 4.0)
  - RxSwift (~> 4.0)
  - SnapKit

SPEC REPOS:
  trunk:
    - Alamofire
    - Kingfisher
    - RxCocoa
    - RxSwift
    - SnapKit

SPEC CHECKSUMS:
  Alamofire: 814429acc853c6c54ff123fc3d2ef66803823ce0
  Kingfisher: 176d377ad339113c99ad4980cbae687f807e20fe
  RxCocoa: cbf70265dc65a981d4ac982e513c10cf23df24a0
  RxSwift: f172070dfd1a93d70a9ab97a5a01166206e1c575
  SnapKit: 97b92857e3df3a0c71833cce143274bf6ef8e5eb

PODFILE CHECKSUM: 92fe2e3b6148c0ff158620daf8bc68cce22d3caa

COCOAPODS: 1.9.3
